// !$*UTF8*$!
{
	archiveVersion = 1;
	classes = {
	};
	objectVersion = 56;
	objects = {

/* Begin PBXBuildFile section */
		3B9BC60C2C2880FC00091B92 /* AppDelegate.swift in Sources */ = {isa = PBXBuildFile; fileRef = 3B9BC60B2C2880FC00091B92 /* AppDelegate.swift */; };
		3B9BC60E2C2880FC00091B92 /* SceneDelegate.swift in Sources */ = {isa = PBXBuildFile; fileRef = 3B9BC60D2C2880FC00091B92 /* SceneDelegate.swift */; };
		3B9BC6102C2880FC00091B92 /* CounterViewController.swift in Sources */ = {isa = PBXBuildFile; fileRef = 3B9BC60F2C2880FC00091B92 /* CounterViewController.swift */; };
		3B9BC6132C2880FC00091B92 /* Counter.storyboard in Resources */ = {isa = PBXBuildFile; fileRef = 3B9BC6112C2880FC00091B92 /* Counter.storyboard */; };
		3B9BC6152C2880FE00091B92 /* Assets.xcassets in Resources */ = {isa = PBXBuildFile; fileRef = 3B9BC6142C2880FE00091B92 /* Assets.xcassets */; };
		3B9BC6182C2880FE00091B92 /* LaunchScreen.storyboard in Resources */ = {isa = PBXBuildFile; fileRef = 3B9BC6162C2880FE00091B92 /* LaunchScreen.storyboard */; };
		3B9BC6232C2880FE00091B92 /* CounterTests.swift in Sources */ = {isa = PBXBuildFile; fileRef = 3B9BC6222C2880FE00091B92 /* CounterTests.swift */; };
		3B9BC62D2C2880FE00091B92 /* CounterUITests.swift in Sources */ = {isa = PBXBuildFile; fileRef = 3B9BC62C2C2880FE00091B92 /* CounterUITests.swift */; };
		3B9BC62F2C2880FE00091B92 /* CounterUITestsLaunchTests.swift in Sources */ = {isa = PBXBuildFile; fileRef = 3B9BC62E2C2880FE00091B92 /* CounterUITestsLaunchTests.swift */; };
		4E73C25146B531506DB59108 /* Pods_Counter_CounterUITests.framework in Frameworks */ = {isa = PBXBuildFile; fileRef = DF68B31D2C4852E245C1FC87 /* Pods_Counter_CounterUITests.framework */; };
		4EC28AB0BFCB71917F6CAAAE /* Pods_Counter.framework in Frameworks */ = {isa = PBXBuildFile; fileRef = 1F02B1F8BCB972472B217D72 /* Pods_Counter.framework */; };
		C6748010A6F2C7483CDB7164 /* Pods_CounterTests.framework in Frameworks */ = {isa = PBXBuildFile; fileRef = 4ED58CCB498A431900ACBB75 /* Pods_CounterTests.framework */; };
/* End PBXBuildFile section */

/* Begin PBXContainerItemProxy section */
		3B9BC61F2C2880FE00091B92 /* PBXContainerItemProxy */ = {
			isa = PBXContainerItemProxy;
			containerPortal = 3B9BC6002C2880FC00091B92 /* Project object */;
			proxyType = 1;
			remoteGlobalIDString = 3B9BC6072C2880FC00091B92;
			remoteInfo = Counter;
		};
		3B9BC6292C2880FE00091B92 /* PBXContainerItemProxy */ = {
			isa = PBXContainerItemProxy;
			containerPortal = 3B9BC6002C2880FC00091B92 /* Project object */;
			proxyType = 1;
			remoteGlobalIDString = 3B9BC6072C2880FC00091B92;
			remoteInfo = Counter;
		};
/* End PBXContainerItemProxy section */

/* Begin PBXFileReference section */
		1F02B1F8BCB972472B217D72 /* Pods_Counter.framework */ = {isa = PBXFileReference; explicitFileType = wrapper.framework; includeInIndex = 0; path = Pods_Counter.framework; sourceTree = BUILT_PRODUCTS_DIR; };
		34526FB2373CCC7290FD02AF /* Pods-Counter-CounterUITests.release.xcconfig */ = {isa = PBXFileReference; includeInIndex = 1; lastKnownFileType = text.xcconfig; name = "Pods-Counter-CounterUITests.release.xcconfig"; path = "Target Support Files/Pods-Counter-CounterUITests/Pods-Counter-CounterUITests.release.xcconfig"; sourceTree = "<group>"; };
		3B48013D2C29C89A00A6BE3D /* Quick.framework */ = {isa = PBXFileReference; explicitFileType = wrapper.framework; path = Quick.framework; sourceTree = BUILT_PRODUCTS_DIR; };
		3B4801412C29C8A000A6BE3D /* Nimble.framework */ = {isa = PBXFileReference; explicitFileType = wrapper.framework; path = Nimble.framework; sourceTree = BUILT_PRODUCTS_DIR; };
		3B9BC6082C2880FC00091B92 /* Counter.app */ = {isa = PBXFileReference; explicitFileType = wrapper.application; includeInIndex = 0; path = Counter.app; sourceTree = BUILT_PRODUCTS_DIR; };
		3B9BC60B2C2880FC00091B92 /* AppDelegate.swift */ = {isa = PBXFileReference; lastKnownFileType = sourcecode.swift; path = AppDelegate.swift; sourceTree = "<group>"; };
		3B9BC60D2C2880FC00091B92 /* SceneDelegate.swift */ = {isa = PBXFileReference; lastKnownFileType = sourcecode.swift; path = SceneDelegate.swift; sourceTree = "<group>"; };
		3B9BC60F2C2880FC00091B92 /* CounterViewController.swift */ = {isa = PBXFileReference; lastKnownFileType = sourcecode.swift; path = CounterViewController.swift; sourceTree = "<group>"; };
		3B9BC6122C2880FC00091B92 /* Base */ = {isa = PBXFileReference; lastKnownFileType = file.storyboard; name = Base; path = Base.lproj/Counter.storyboard; sourceTree = "<group>"; };
		3B9BC6142C2880FE00091B92 /* Assets.xcassets */ = {isa = PBXFileReference; lastKnownFileType = folder.assetcatalog; path = Assets.xcassets; sourceTree = "<group>"; };
		3B9BC6172C2880FE00091B92 /* Base */ = {isa = PBXFileReference; lastKnownFileType = file.storyboard; name = Base; path = Base.lproj/LaunchScreen.storyboard; sourceTree = "<group>"; };
		3B9BC6192C2880FE00091B92 /* Info.plist */ = {isa = PBXFileReference; lastKnownFileType = text.plist.xml; path = Info.plist; sourceTree = "<group>"; };
		3B9BC61E2C2880FE00091B92 /* CounterTests.xctest */ = {isa = PBXFileReference; explicitFileType = wrapper.cfbundle; includeInIndex = 0; path = CounterTests.xctest; sourceTree = BUILT_PRODUCTS_DIR; };
		3B9BC6222C2880FE00091B92 /* CounterTests.swift */ = {isa = PBXFileReference; lastKnownFileType = sourcecode.swift; path = CounterTests.swift; sourceTree = "<group>"; };
		3B9BC6282C2880FE00091B92 /* CounterUITests.xctest */ = {isa = PBXFileReference; explicitFileType = wrapper.cfbundle; includeInIndex = 0; path = CounterUITests.xctest; sourceTree = BUILT_PRODUCTS_DIR; };
		3B9BC62C2C2880FE00091B92 /* CounterUITests.swift */ = {isa = PBXFileReference; lastKnownFileType = sourcecode.swift; path = CounterUITests.swift; sourceTree = "<group>"; };
		3B9BC62E2C2880FE00091B92 /* CounterUITestsLaunchTests.swift */ = {isa = PBXFileReference; lastKnownFileType = sourcecode.swift; path = CounterUITestsLaunchTests.swift; sourceTree = "<group>"; };
		3CE2E637CC9AC684129E5F89 /* Pods-Counter.debug.xcconfig */ = {isa = PBXFileReference; includeInIndex = 1; lastKnownFileType = text.xcconfig; name = "Pods-Counter.debug.xcconfig"; path = "Target Support Files/Pods-Counter/Pods-Counter.debug.xcconfig"; sourceTree = "<group>"; };
		4ED58CCB498A431900ACBB75 /* Pods_CounterTests.framework */ = {isa = PBXFileReference; explicitFileType = wrapper.framework; includeInIndex = 0; path = Pods_CounterTests.framework; sourceTree = BUILT_PRODUCTS_DIR; };
		666D2259E06CC182C000098D /* Pods-CounterTests.release.xcconfig */ = {isa = PBXFileReference; includeInIndex = 1; lastKnownFileType = text.xcconfig; name = "Pods-CounterTests.release.xcconfig"; path = "Target Support Files/Pods-CounterTests/Pods-CounterTests.release.xcconfig"; sourceTree = "<group>"; };
		6C7CCE39B8841F56B67D6DB3 /* Pods-CounterTests.debug.xcconfig */ = {isa = PBXFileReference; includeInIndex = 1; lastKnownFileType = text.xcconfig; name = "Pods-CounterTests.debug.xcconfig"; path = "Target Support Files/Pods-CounterTests/Pods-CounterTests.debug.xcconfig"; sourceTree = "<group>"; };
		DF68B31D2C4852E245C1FC87 /* Pods_Counter_CounterUITests.framework */ = {isa = PBXFileReference; explicitFileType = wrapper.framework; includeInIndex = 0; path = Pods_Counter_CounterUITests.framework; sourceTree = BUILT_PRODUCTS_DIR; };
		FB825FF9619F17A28CBF085A /* Pods-Counter.release.xcconfig */ = {isa = PBXFileReference; includeInIndex = 1; lastKnownFileType = text.xcconfig; name = "Pods-Counter.release.xcconfig"; path = "Target Support Files/Pods-Counter/Pods-Counter.release.xcconfig"; sourceTree = "<group>"; };
		FCF4D8F4F93E41F5E430B0D6 /* Pods-Counter-CounterUITests.debug.xcconfig */ = {isa = PBXFileReference; includeInIndex = 1; lastKnownFileType = text.xcconfig; name = "Pods-Counter-CounterUITests.debug.xcconfig"; path = "Target Support Files/Pods-Counter-CounterUITests/Pods-Counter-CounterUITests.debug.xcconfig"; sourceTree = "<group>"; };
/* End PBXFileReference section */

/* Begin PBXFrameworksBuildPhase section */
		3B9BC6052C2880FC00091B92 /* Frameworks */ = {
			isa = PBXFrameworksBuildPhase;
			buildActionMask = 2147483647;
			files = (
				4EC28AB0BFCB71917F6CAAAE /* Pods_Counter.framework in Frameworks */,
			);
			runOnlyForDeploymentPostprocessing = 0;
		};
		3B9BC61B2C2880FE00091B92 /* Frameworks */ = {
			isa = PBXFrameworksBuildPhase;
			buildActionMask = 2147483647;
			files = (
				C6748010A6F2C7483CDB7164 /* Pods_CounterTests.framework in Frameworks */,
			);
			runOnlyForDeploymentPostprocessing = 0;
		};
		3B9BC6252C2880FE00091B92 /* Frameworks */ = {
			isa = PBXFrameworksBuildPhase;
			buildActionMask = 2147483647;
			files = (
				4E73C25146B531506DB59108 /* Pods_Counter_CounterUITests.framework in Frameworks */,
			);
			runOnlyForDeploymentPostprocessing = 0;
		};
/* End PBXFrameworksBuildPhase section */

/* Begin PBXGroup section */
		08E1CCF04C96A342452047EF /* Frameworks */ = {
			isa = PBXGroup;
			children = (
				3B4801412C29C8A000A6BE3D /* Nimble.framework */,
				3B48013D2C29C89A00A6BE3D /* Quick.framework */,
				1F02B1F8BCB972472B217D72 /* Pods_Counter.framework */,
				DF68B31D2C4852E245C1FC87 /* Pods_Counter_CounterUITests.framework */,
				4ED58CCB498A431900ACBB75 /* Pods_CounterTests.framework */,
			);
			name = Frameworks;
			sourceTree = "<group>";
		};
		3B9BC5FF2C2880FC00091B92 = {
			isa = PBXGroup;
			children = (
				3B9BC60A2C2880FC00091B92 /* Counter */,
				3B9BC6212C2880FE00091B92 /* CounterTests */,
				3B9BC62B2C2880FE00091B92 /* CounterUITests */,
				3B9BC6092C2880FC00091B92 /* Products */,
				674569DC4F19ABE2E5908294 /* Pods */,
				08E1CCF04C96A342452047EF /* Frameworks */,
			);
			sourceTree = "<group>";
		};
		3B9BC6092C2880FC00091B92 /* Products */ = {
			isa = PBXGroup;
			children = (
				3B9BC6082C2880FC00091B92 /* Counter.app */,
				3B9BC61E2C2880FE00091B92 /* CounterTests.xctest */,
				3B9BC6282C2880FE00091B92 /* CounterUITests.xctest */,
			);
			name = Products;
			sourceTree = "<group>";
		};
		3B9BC60A2C2880FC00091B92 /* Counter */ = {
			isa = PBXGroup;
			children = (
				3B9BC60B2C2880FC00091B92 /* AppDelegate.swift */,
				3B9BC60D2C2880FC00091B92 /* SceneDelegate.swift */,
				3B9BC60F2C2880FC00091B92 /* CounterViewController.swift */,
				3B9BC6112C2880FC00091B92 /* Counter.storyboard */,
				3B9BC6142C2880FE00091B92 /* Assets.xcassets */,
				3B9BC6162C2880FE00091B92 /* LaunchScreen.storyboard */,
				3B9BC6192C2880FE00091B92 /* Info.plist */,
			);
			path = Counter;
			sourceTree = "<group>";
		};
		3B9BC6212C2880FE00091B92 /* CounterTests */ = {
			isa = PBXGroup;
			children = (
				3B9BC6222C2880FE00091B92 /* CounterTests.swift */,
			);
			path = CounterTests;
			sourceTree = "<group>";
		};
		3B9BC62B2C2880FE00091B92 /* CounterUITests */ = {
			isa = PBXGroup;
			children = (
				3B9BC62C2C2880FE00091B92 /* CounterUITests.swift */,
				3B9BC62E2C2880FE00091B92 /* CounterUITestsLaunchTests.swift */,
			);
			path = CounterUITests;
			sourceTree = "<group>";
		};
		674569DC4F19ABE2E5908294 /* Pods */ = {
			isa = PBXGroup;
			children = (
				3CE2E637CC9AC684129E5F89 /* Pods-Counter.debug.xcconfig */,
				FB825FF9619F17A28CBF085A /* Pods-Counter.release.xcconfig */,
				FCF4D8F4F93E41F5E430B0D6 /* Pods-Counter-CounterUITests.debug.xcconfig */,
				34526FB2373CCC7290FD02AF /* Pods-Counter-CounterUITests.release.xcconfig */,
				6C7CCE39B8841F56B67D6DB3 /* Pods-CounterTests.debug.xcconfig */,
				666D2259E06CC182C000098D /* Pods-CounterTests.release.xcconfig */,
			);
			path = Pods;
			sourceTree = "<group>";
		};
/* End PBXGroup section */

/* Begin PBXNativeTarget section */
		3B9BC6072C2880FC00091B92 /* Counter */ = {
			isa = PBXNativeTarget;
			buildConfigurationList = 3B9BC6322C2880FE00091B92 /* Build configuration list for PBXNativeTarget "Counter" */;
			buildPhases = (
				5973EBC6047FA8FE6D84CFA9 /* [CP] Check Pods Manifest.lock */,
				3B9BC6042C2880FC00091B92 /* Sources */,
				3B9BC6052C2880FC00091B92 /* Frameworks */,
				3B9BC6062C2880FC00091B92 /* Resources */,
			);
			buildRules = (
			);
			dependencies = (
			);
			name = Counter;
			productName = Counter;
			productReference = 3B9BC6082C2880FC00091B92 /* Counter.app */;
			productType = "com.apple.product-type.application";
		};
		3B9BC61D2C2880FE00091B92 /* CounterTests */ = {
			isa = PBXNativeTarget;
			buildConfigurationList = 3B9BC6352C2880FE00091B92 /* Build configuration list for PBXNativeTarget "CounterTests" */;
			buildPhases = (
				8DF3E725A272C900F13D01E8 /* [CP] Check Pods Manifest.lock */,
				3B9BC61A2C2880FE00091B92 /* Sources */,
				3B9BC61B2C2880FE00091B92 /* Frameworks */,
				3B9BC61C2C2880FE00091B92 /* Resources */,
				E0165CBEFF6A83179FAA4491 /* [CP] Embed Pods Frameworks */,
			);
			buildRules = (
			);
			dependencies = (
				3B9BC6202C2880FE00091B92 /* PBXTargetDependency */,
			);
			name = CounterTests;
			productName = CounterTests;
			productReference = 3B9BC61E2C2880FE00091B92 /* CounterTests.xctest */;
			productType = "com.apple.product-type.bundle.unit-test";
		};
		3B9BC6272C2880FE00091B92 /* CounterUITests */ = {
			isa = PBXNativeTarget;
			buildConfigurationList = 3B9BC6382C2880FE00091B92 /* Build configuration list for PBXNativeTarget "CounterUITests" */;
			buildPhases = (
				378A158462858D7B83BD4D0B /* [CP] Check Pods Manifest.lock */,
				3B9BC6242C2880FE00091B92 /* Sources */,
				3B9BC6252C2880FE00091B92 /* Frameworks */,
				3B9BC6262C2880FE00091B92 /* Resources */,
			);
			buildRules = (
			);
			dependencies = (
				3B9BC62A2C2880FE00091B92 /* PBXTargetDependency */,
			);
			name = CounterUITests;
			productName = CounterUITests;
			productReference = 3B9BC6282C2880FE00091B92 /* CounterUITests.xctest */;
			productType = "com.apple.product-type.bundle.ui-testing";
		};
/* End PBXNativeTarget section */

/* Begin PBXProject section */
		3B9BC6002C2880FC00091B92 /* Project object */ = {
			isa = PBXProject;
			attributes = {
				BuildIndependentTargetsInParallel = 1;
				LastSwiftUpdateCheck = 1520;
				LastUpgradeCheck = 1520;
				TargetAttributes = {
					3B9BC6072C2880FC00091B92 = {
						CreatedOnToolsVersion = 15.2;
					};
					3B9BC61D2C2880FE00091B92 = {
						CreatedOnToolsVersion = 15.2;
						TestTargetID = 3B9BC6072C2880FC00091B92;
					};
					3B9BC6272C2880FE00091B92 = {
						CreatedOnToolsVersion = 15.2;
						TestTargetID = 3B9BC6072C2880FC00091B92;
					};
				};
			};
			buildConfigurationList = 3B9BC6032C2880FC00091B92 /* Build configuration list for PBXProject "Counter" */;
			compatibilityVersion = "Xcode 14.0";
			developmentRegion = en;
			hasScannedForEncodings = 0;
			knownRegions = (
				en,
				Base,
			);
			mainGroup = 3B9BC5FF2C2880FC00091B92;
			productRefGroup = 3B9BC6092C2880FC00091B92 /* Products */;
			projectDirPath = "";
			projectRoot = "";
			targets = (
				3B9BC6072C2880FC00091B92 /* Counter */,
				3B9BC61D2C2880FE00091B92 /* CounterTests */,
				3B9BC6272C2880FE00091B92 /* CounterUITests */,
			);
		};
/* End PBXProject section */

/* Begin PBXResourcesBuildPhase section */
		3B9BC6062C2880FC00091B92 /* Resources */ = {
			isa = PBXResourcesBuildPhase;
			buildActionMask = 2147483647;
			files = (
				3B9BC6182C2880FE00091B92 /* LaunchScreen.storyboard in Resources */,
				3B9BC6152C2880FE00091B92 /* Assets.xcassets in Resources */,
				3B9BC6132C2880FC00091B92 /* Counter.storyboard in Resources */,
			);
			runOnlyForDeploymentPostprocessing = 0;
		};
		3B9BC61C2C2880FE00091B92 /* Resources */ = {
			isa = PBXResourcesBuildPhase;
			buildActionMask = 2147483647;
			files = (
			);
			runOnlyForDeploymentPostprocessing = 0;
		};
		3B9BC6262C2880FE00091B92 /* Resources */ = {
			isa = PBXResourcesBuildPhase;
			buildActionMask = 2147483647;
			files = (
			);
			runOnlyForDeploymentPostprocessing = 0;
		};
/* End PBXResourcesBuildPhase section */

/* Begin PBXShellScriptBuildPhase section */
		378A158462858D7B83BD4D0B /* [CP] Check Pods Manifest.lock */ = {
			isa = PBXShellScriptBuildPhase;
			buildActionMask = 2147483647;
			files = (
			);
			inputFileListPaths = (
			);
			inputPaths = (
				"${PODS_PODFILE_DIR_PATH}/Podfile.lock",
				"${PODS_ROOT}/Manifest.lock",
			);
			name = "[CP] Check Pods Manifest.lock";
			outputFileListPaths = (
			);
			outputPaths = (
				"$(DERIVED_FILE_DIR)/Pods-Counter-CounterUITests-checkManifestLockResult.txt",
			);
			runOnlyForDeploymentPostprocessing = 0;
			shellPath = /bin/sh;
			shellScript = "diff \"${PODS_PODFILE_DIR_PATH}/Podfile.lock\" \"${PODS_ROOT}/Manifest.lock\" > /dev/null\nif [ $? != 0 ] ; then\n    # print error to STDERR\n    echo \"error: The sandbox is not in sync with the Podfile.lock. Run 'pod install' or update your CocoaPods installation.\" >&2\n    exit 1\nfi\n# This output is used by Xcode 'outputs' to avoid re-running this script phase.\necho \"SUCCESS\" > \"${SCRIPT_OUTPUT_FILE_0}\"\n";
			showEnvVarsInLog = 0;
		};
		5973EBC6047FA8FE6D84CFA9 /* [CP] Check Pods Manifest.lock */ = {
			isa = PBXShellScriptBuildPhase;
			buildActionMask = 2147483647;
			files = (
			);
			inputFileListPaths = (
			);
			inputPaths = (
				"${PODS_PODFILE_DIR_PATH}/Podfile.lock",
				"${PODS_ROOT}/Manifest.lock",
			);
			name = "[CP] Check Pods Manifest.lock";
			outputFileListPaths = (
			);
			outputPaths = (
				"$(DERIVED_FILE_DIR)/Pods-Counter-checkManifestLockResult.txt",
			);
			runOnlyForDeploymentPostprocessing = 0;
			shellPath = /bin/sh;
			shellScript = "diff \"${PODS_PODFILE_DIR_PATH}/Podfile.lock\" \"${PODS_ROOT}/Manifest.lock\" > /dev/null\nif [ $? != 0 ] ; then\n    # print error to STDERR\n    echo \"error: The sandbox is not in sync with the Podfile.lock. Run 'pod install' or update your CocoaPods installation.\" >&2\n    exit 1\nfi\n# This output is used by Xcode 'outputs' to avoid re-running this script phase.\necho \"SUCCESS\" > \"${SCRIPT_OUTPUT_FILE_0}\"\n";
			showEnvVarsInLog = 0;
		};
		8DF3E725A272C900F13D01E8 /* [CP] Check Pods Manifest.lock */ = {
			isa = PBXShellScriptBuildPhase;
			buildActionMask = 2147483647;
			files = (
			);
			inputFileListPaths = (
			);
			inputPaths = (
				"${PODS_PODFILE_DIR_PATH}/Podfile.lock",
				"${PODS_ROOT}/Manifest.lock",
			);
			name = "[CP] Check Pods Manifest.lock";
			outputFileListPaths = (
			);
			outputPaths = (
				"$(DERIVED_FILE_DIR)/Pods-CounterTests-checkManifestLockResult.txt",
			);
			runOnlyForDeploymentPostprocessing = 0;
			shellPath = /bin/sh;
			shellScript = "diff \"${PODS_PODFILE_DIR_PATH}/Podfile.lock\" \"${PODS_ROOT}/Manifest.lock\" > /dev/null\nif [ $? != 0 ] ; then\n    # print error to STDERR\n    echo \"error: The sandbox is not in sync with the Podfile.lock. Run 'pod install' or update your CocoaPods installation.\" >&2\n    exit 1\nfi\n# This output is used by Xcode 'outputs' to avoid re-running this script phase.\necho \"SUCCESS\" > \"${SCRIPT_OUTPUT_FILE_0}\"\n";
			showEnvVarsInLog = 0;
		};
		E0165CBEFF6A83179FAA4491 /* [CP] Embed Pods Frameworks */ = {
			isa = PBXShellScriptBuildPhase;
			buildActionMask = 2147483647;
			files = (
			);
			inputFileListPaths = (
				"${PODS_ROOT}/Target Support Files/Pods-CounterTests/Pods-CounterTests-frameworks-${CONFIGURATION}-input-files.xcfilelist",
			);
			name = "[CP] Embed Pods Frameworks";
			outputFileListPaths = (
				"${PODS_ROOT}/Target Support Files/Pods-CounterTests/Pods-CounterTests-frameworks-${CONFIGURATION}-output-files.xcfilelist",
			);
			runOnlyForDeploymentPostprocessing = 0;
			shellPath = /bin/sh;
			shellScript = "\"${PODS_ROOT}/Target Support Files/Pods-CounterTests/Pods-CounterTests-frameworks.sh\"\n";
			showEnvVarsInLog = 0;
		};
/* End PBXShellScriptBuildPhase section */

/* Begin PBXSourcesBuildPhase section */
		3B9BC6042C2880FC00091B92 /* Sources */ = {
			isa = PBXSourcesBuildPhase;
			buildActionMask = 2147483647;
			files = (
				3B9BC6102C2880FC00091B92 /* CounterViewController.swift in Sources */,
				3B9BC60C2C2880FC00091B92 /* AppDelegate.swift in Sources */,
				3B9BC60E2C2880FC00091B92 /* SceneDelegate.swift in Sources */,
			);
			runOnlyForDeploymentPostprocessing = 0;
		};
		3B9BC61A2C2880FE00091B92 /* Sources */ = {
			isa = PBXSourcesBuildPhase;
			buildActionMask = 2147483647;
			files = (
				3B9BC6232C2880FE00091B92 /* CounterTests.swift in Sources */,
			);
			runOnlyForDeploymentPostprocessing = 0;
		};
		3B9BC6242C2880FE00091B92 /* Sources */ = {
			isa = PBXSourcesBuildPhase;
			buildActionMask = 2147483647;
			files = (
				3B9BC62D2C2880FE00091B92 /* CounterUITests.swift in Sources */,
				3B9BC62F2C2880FE00091B92 /* CounterUITestsLaunchTests.swift in Sources */,
			);
			runOnlyForDeploymentPostprocessing = 0;
		};
/* End PBXSourcesBuildPhase section */

/* Begin PBXTargetDependency section */
		3B9BC6202C2880FE00091B92 /* PBXTargetDependency */ = {
			isa = PBXTargetDependency;
			target = 3B9BC6072C2880FC00091B92 /* Counter */;
			targetProxy = 3B9BC61F2C2880FE00091B92 /* PBXContainerItemProxy */;
		};
		3B9BC62A2C2880FE00091B92 /* PBXTargetDependency */ = {
			isa = PBXTargetDependency;
			target = 3B9BC6072C2880FC00091B92 /* Counter */;
			targetProxy = 3B9BC6292C2880FE00091B92 /* PBXContainerItemProxy */;
		};
/* End PBXTargetDependency section */

/* Begin PBXVariantGroup section */
		3B9BC6112C2880FC00091B92 /* Counter.storyboard */ = {
			isa = PBXVariantGroup;
			children = (
				3B9BC6122C2880FC00091B92 /* Base */,
			);
			name = Counter.storyboard;
			sourceTree = "<group>";
		};
		3B9BC6162C2880FE00091B92 /* LaunchScreen.storyboard */ = {
			isa = PBXVariantGroup;
			children = (
				3B9BC6172C2880FE00091B92 /* Base */,
			);
			name = LaunchScreen.storyboard;
			sourceTree = "<group>";
		};
/* End PBXVariantGroup section */

/* Begin XCBuildConfiguration section */
		3B9BC6302C2880FE00091B92 /* Debug */ = {
			isa = XCBuildConfiguration;
			buildSettings = {
				ALWAYS_SEARCH_USER_PATHS = NO;
				ASSETCATALOG_COMPILER_GENERATE_SWIFT_ASSET_SYMBOL_EXTENSIONS = YES;
				CLANG_ANALYZER_NONNULL = YES;
				CLANG_ANALYZER_NUMBER_OBJECT_CONVERSION = YES_AGGRESSIVE;
				CLANG_CXX_LANGUAGE_STANDARD = "gnu++20";
				CLANG_ENABLE_MODULES = YES;
				CLANG_ENABLE_OBJC_ARC = YES;
				CLANG_ENABLE_OBJC_WEAK = YES;
				CLANG_WARN_BLOCK_CAPTURE_AUTORELEASING = YES;
				CLANG_WARN_BOOL_CONVERSION = YES;
				CLANG_WARN_COMMA = YES;
				CLANG_WARN_CONSTANT_CONVERSION = YES;
				CLANG_WARN_DEPRECATED_OBJC_IMPLEMENTATIONS = YES;
				CLANG_WARN_DIRECT_OBJC_ISA_USAGE = YES_ERROR;
				CLANG_WARN_DOCUMENTATION_COMMENTS = YES;
				CLANG_WARN_EMPTY_BODY = YES;
				CLANG_WARN_ENUM_CONVERSION = YES;
				CLANG_WARN_INFINITE_RECURSION = YES;
				CLANG_WARN_INT_CONVERSION = YES;
				CLANG_WARN_NON_LITERAL_NULL_CONVERSION = YES;
				CLANG_WARN_OBJC_IMPLICIT_RETAIN_SELF = YES;
				CLANG_WARN_OBJC_LITERAL_CONVERSION = YES;
				CLANG_WARN_OBJC_ROOT_CLASS = YES_ERROR;
				CLANG_WARN_QUOTED_INCLUDE_IN_FRAMEWORK_HEADER = YES;
				CLANG_WARN_RANGE_LOOP_ANALYSIS = YES;
				CLANG_WARN_STRICT_PROTOTYPES = YES;
				CLANG_WARN_SUSPICIOUS_MOVE = YES;
				CLANG_WARN_UNGUARDED_AVAILABILITY = YES_AGGRESSIVE;
				CLANG_WARN_UNREACHABLE_CODE = YES;
				CLANG_WARN__DUPLICATE_METHOD_MATCH = YES;
				COPY_PHASE_STRIP = NO;
				DEBUG_INFORMATION_FORMAT = dwarf;
				ENABLE_STRICT_OBJC_MSGSEND = YES;
				ENABLE_TESTABILITY = YES;
				ENABLE_USER_SCRIPT_SANDBOXING = NO;
				GCC_C_LANGUAGE_STANDARD = gnu17;
				GCC_DYNAMIC_NO_PIC = NO;
				GCC_NO_COMMON_BLOCKS = YES;
				GCC_OPTIMIZATION_LEVEL = 0;
				GCC_PREPROCESSOR_DEFINITIONS = (
					"DEBUG=1",
					"$(inherited)",
				);
				GCC_WARN_64_TO_32_BIT_CONVERSION = YES;
				GCC_WARN_ABOUT_RETURN_TYPE = YES_ERROR;
				GCC_WARN_UNDECLARED_SELECTOR = YES;
				GCC_WARN_UNINITIALIZED_AUTOS = YES_AGGRESSIVE;
				GCC_WARN_UNUSED_FUNCTION = YES;
				GCC_WARN_UNUSED_VARIABLE = YES;
				IPHONEOS_DEPLOYMENT_TARGET = 17.2;
				LOCALIZATION_PREFERS_STRING_CATALOGS = YES;
				MTL_ENABLE_DEBUG_INFO = INCLUDE_SOURCE;
				MTL_FAST_MATH = YES;
				ONLY_ACTIVE_ARCH = YES;
				SDKROOT = iphoneos;
				SWIFT_ACTIVE_COMPILATION_CONDITIONS = "DEBUG $(inherited)";
				SWIFT_OPTIMIZATION_LEVEL = "-Onone";
			};
			name = Debug;
		};
		3B9BC6312C2880FE00091B92 /* Release */ = {
			isa = XCBuildConfiguration;
			buildSettings = {
				ALWAYS_SEARCH_USER_PATHS = NO;
				ASSETCATALOG_COMPILER_GENERATE_SWIFT_ASSET_SYMBOL_EXTENSIONS = YES;
				CLANG_ANALYZER_NONNULL = YES;
				CLANG_ANALYZER_NUMBER_OBJECT_CONVERSION = YES_AGGRESSIVE;
				CLANG_CXX_LANGUAGE_STANDARD = "gnu++20";
				CLANG_ENABLE_MODULES = YES;
				CLANG_ENABLE_OBJC_ARC = YES;
				CLANG_ENABLE_OBJC_WEAK = YES;
				CLANG_WARN_BLOCK_CAPTURE_AUTORELEASING = YES;
				CLANG_WARN_BOOL_CONVERSION = YES;
				CLANG_WARN_COMMA = YES;
				CLANG_WARN_CONSTANT_CONVERSION = YES;
				CLANG_WARN_DEPRECATED_OBJC_IMPLEMENTATIONS = YES;
				CLANG_WARN_DIRECT_OBJC_ISA_USAGE = YES_ERROR;
				CLANG_WARN_DOCUMENTATION_COMMENTS = YES;
				CLANG_WARN_EMPTY_BODY = YES;
				CLANG_WARN_ENUM_CONVERSION = YES;
				CLANG_WARN_INFINITE_RECURSION = YES;
				CLANG_WARN_INT_CONVERSION = YES;
				CLANG_WARN_NON_LITERAL_NULL_CONVERSION = YES;
				CLANG_WARN_OBJC_IMPLICIT_RETAIN_SELF = YES;
				CLANG_WARN_OBJC_LITERAL_CONVERSION = YES;
				CLANG_WARN_OBJC_ROOT_CLASS = YES_ERROR;
				CLANG_WARN_QUOTED_INCLUDE_IN_FRAMEWORK_HEADER = YES;
				CLANG_WARN_RANGE_LOOP_ANALYSIS = YES;
				CLANG_WARN_STRICT_PROTOTYPES = YES;
				CLANG_WARN_SUSPICIOUS_MOVE = YES;
				CLANG_WARN_UNGUARDED_AVAILABILITY = YES_AGGRESSIVE;
				CLANG_WARN_UNREACHABLE_CODE = YES;
				CLANG_WARN__DUPLICATE_METHOD_MATCH = YES;
				COPY_PHASE_STRIP = NO;
				DEBUG_INFORMATION_FORMAT = "dwarf-with-dsym";
				ENABLE_NS_ASSERTIONS = NO;
				ENABLE_STRICT_OBJC_MSGSEND = YES;
				ENABLE_USER_SCRIPT_SANDBOXING = NO;
				GCC_C_LANGUAGE_STANDARD = gnu17;
				GCC_NO_COMMON_BLOCKS = YES;
				GCC_WARN_64_TO_32_BIT_CONVERSION = YES;
				GCC_WARN_ABOUT_RETURN_TYPE = YES_ERROR;
				GCC_WARN_UNDECLARED_SELECTOR = YES;
				GCC_WARN_UNINITIALIZED_AUTOS = YES_AGGRESSIVE;
				GCC_WARN_UNUSED_FUNCTION = YES;
				GCC_WARN_UNUSED_VARIABLE = YES;
				IPHONEOS_DEPLOYMENT_TARGET = 17.2;
				LOCALIZATION_PREFERS_STRING_CATALOGS = YES;
				MTL_ENABLE_DEBUG_INFO = NO;
				MTL_FAST_MATH = YES;
				SDKROOT = iphoneos;
				SWIFT_COMPILATION_MODE = wholemodule;
				VALIDATE_PRODUCT = YES;
			};
			name = Release;
		};
		3B9BC6332C2880FE00091B92 /* Debug */ = {
			isa = XCBuildConfiguration;
			baseConfigurationReference = 3CE2E637CC9AC684129E5F89 /* Pods-Counter.debug.xcconfig */;
			buildSettings = {
				ASSETCATALOG_COMPILER_APPICON_NAME = AppIcon;
				ASSETCATALOG_COMPILER_GLOBAL_ACCENT_COLOR_NAME = AccentColor;
				CODE_SIGN_STYLE = Automatic;
				CURRENT_PROJECT_VERSION = 1;
				DEVELOPMENT_TEAM = DW275526Z6;
				GENERATE_INFOPLIST_FILE = YES;
				INFOPLIST_FILE = Counter/Info.plist;
				INFOPLIST_KEY_UIApplicationSupportsIndirectInputEvents = YES;
				INFOPLIST_KEY_UILaunchStoryboardName = LaunchScreen;
				INFOPLIST_KEY_UIMainStoryboardFile = Counter;
				INFOPLIST_KEY_UISupportedInterfaceOrientations_iPad = "UIInterfaceOrientationPortrait UIInterfaceOrientationPortraitUpsideDown UIInterfaceOrientationLandscapeLeft UIInterfaceOrientationLandscapeRight";
				INFOPLIST_KEY_UISupportedInterfaceOrientations_iPhone = "UIInterfaceOrientationPortrait UIInterfaceOrientationLandscapeLeft UIInterfaceOrientationLandscapeRight";
				IPHONEOS_DEPLOYMENT_TARGET = 15.0;
				LD_RUNPATH_SEARCH_PATHS = (
					"$(inherited)",
					"@executable_path/Frameworks",
				);
				MARKETING_VERSION = 1.0;
				PRODUCT_BUNDLE_IDENTIFIER = com.imael.Counter;
				PRODUCT_NAME = "$(TARGET_NAME)";
				SWIFT_EMIT_LOC_STRINGS = YES;
				SWIFT_VERSION = 5.0;
				TARGETED_DEVICE_FAMILY = "1,2";
			};
			name = Debug;
		};
		3B9BC6342C2880FE00091B92 /* Release */ = {
			isa = XCBuildConfiguration;
			baseConfigurationReference = FB825FF9619F17A28CBF085A /* Pods-Counter.release.xcconfig */;
			buildSettings = {
				ASSETCATALOG_COMPILER_APPICON_NAME = AppIcon;
				ASSETCATALOG_COMPILER_GLOBAL_ACCENT_COLOR_NAME = AccentColor;
				CODE_SIGN_STYLE = Automatic;
				CURRENT_PROJECT_VERSION = 1;
				DEVELOPMENT_TEAM = DW275526Z6;
				GENERATE_INFOPLIST_FILE = YES;
				INFOPLIST_FILE = Counter/Info.plist;
				INFOPLIST_KEY_UIApplicationSupportsIndirectInputEvents = YES;
				INFOPLIST_KEY_UILaunchStoryboardName = LaunchScreen;
				INFOPLIST_KEY_UIMainStoryboardFile = Counter;
				INFOPLIST_KEY_UISupportedInterfaceOrientations_iPad = "UIInterfaceOrientationPortrait UIInterfaceOrientationPortraitUpsideDown UIInterfaceOrientationLandscapeLeft UIInterfaceOrientationLandscapeRight";
				INFOPLIST_KEY_UISupportedInterfaceOrientations_iPhone = "UIInterfaceOrientationPortrait UIInterfaceOrientationLandscapeLeft UIInterfaceOrientationLandscapeRight";
				IPHONEOS_DEPLOYMENT_TARGET = 15.0;
				LD_RUNPATH_SEARCH_PATHS = (
					"$(inherited)",
					"@executable_path/Frameworks",
				);
				MARKETING_VERSION = 1.0;
				PRODUCT_BUNDLE_IDENTIFIER = com.imael.Counter;
				PRODUCT_NAME = "$(TARGET_NAME)";
				SWIFT_EMIT_LOC_STRINGS = YES;
				SWIFT_VERSION = 5.0;
				TARGETED_DEVICE_FAMILY = "1,2";
			};
			name = Release;
		};
		3B9BC6362C2880FE00091B92 /* Debug */ = {
			isa = XCBuildConfiguration;
			baseConfigurationReference = 6C7CCE39B8841F56B67D6DB3 /* Pods-CounterTests.debug.xcconfig */;
			buildSettings = {
				BUNDLE_LOADER = "$(TEST_HOST)";
				CODE_SIGN_STYLE = Automatic;
				CURRENT_PROJECT_VERSION = 1;
				DEVELOPMENT_TEAM = DW275526Z6;
				GENERATE_INFOPLIST_FILE = YES;
				IPHONEOS_DEPLOYMENT_TARGET = 15.0;
				MARKETING_VERSION = 1.0;
				PRODUCT_BUNDLE_IDENTIFIER = com.imael.CounterTests;
				PRODUCT_NAME = "$(TARGET_NAME)";
				SWIFT_EMIT_LOC_STRINGS = NO;
				SWIFT_VERSION = 5.0;
				TARGETED_DEVICE_FAMILY = "1,2";
				TEST_HOST = "$(BUILT_PRODUCTS_DIR)/Counter.app/$(BUNDLE_EXECUTABLE_FOLDER_PATH)/Counter";
			};
			name = Debug;
		};
		3B9BC6372C2880FE00091B92 /* Release */ = {
			isa = XCBuildConfiguration;
			baseConfigurationReference = 666D2259E06CC182C000098D /* Pods-CounterTests.release.xcconfig */;
			buildSettings = {
				BUNDLE_LOADER = "$(TEST_HOST)";
				CODE_SIGN_STYLE = Automatic;
				CURRENT_PROJECT_VERSION = 1;
				DEVELOPMENT_TEAM = DW275526Z6;
				GENERATE_INFOPLIST_FILE = YES;
				IPHONEOS_DEPLOYMENT_TARGET = 15.0;
				MARKETING_VERSION = 1.0;
				PRODUCT_BUNDLE_IDENTIFIER = com.imael.CounterTests;
				PRODUCT_NAME = "$(TARGET_NAME)";
				SWIFT_EMIT_LOC_STRINGS = NO;
				SWIFT_VERSION = 5.0;
				TARGETED_DEVICE_FAMILY = "1,2";
				TEST_HOST = "$(BUILT_PRODUCTS_DIR)/Counter.app/$(BUNDLE_EXECUTABLE_FOLDER_PATH)/Counter";
			};
			name = Release;
		};
		3B9BC6392C2880FE00091B92 /* Debug */ = {
			isa = XCBuildConfiguration;
			baseConfigurationReference = FCF4D8F4F93E41F5E430B0D6 /* Pods-Counter-CounterUITests.debug.xcconfig */;
			buildSettings = {
				ALWAYS_EMBED_SWIFT_STANDARD_LIBRARIES = YES;
				CODE_SIGN_STYLE = Automatic;
				CURRENT_PROJECT_VERSION = 1;
				DEVELOPMENT_TEAM = DW275526Z6;
				GENERATE_INFOPLIST_FILE = YES;
				MARKETING_VERSION = 1.0;
				PRODUCT_BUNDLE_IDENTIFIER = com.imael.CounterUITests;
				PRODUCT_NAME = "$(TARGET_NAME)";
				SWIFT_EMIT_LOC_STRINGS = NO;
				SWIFT_VERSION = 5.0;
				TARGETED_DEVICE_FAMILY = "1,2";
				TEST_TARGET_NAME = Counter;
			};
			name = Debug;
		};
		3B9BC63A2C2880FE00091B92 /* Release */ = {
			isa = XCBuildConfiguration;
			baseConfigurationReference = 34526FB2373CCC7290FD02AF /* Pods-Counter-CounterUITests.release.xcconfig */;
			buildSettings = {
				ALWAYS_EMBED_SWIFT_STANDARD_LIBRARIES = YES;
				CODE_SIGN_STYLE = Automatic;
				CURRENT_PROJECT_VERSION = 1;
				DEVELOPMENT_TEAM = DW275526Z6;
				GENERATE_INFOPLIST_FILE = YES;
				MARKETING_VERSION = 1.0;
				PRODUCT_BUNDLE_IDENTIFIER = com.imael.CounterUITests;
				PRODUCT_NAME = "$(TARGET_NAME)";
				SWIFT_EMIT_LOC_STRINGS = NO;
				SWIFT_VERSION = 5.0;
				TARGETED_DEVICE_FAMILY = "1,2";
				TEST_TARGET_NAME = Counter;
			};
			name = Release;
		};
/* End XCBuildConfiguration section */

/* Begin XCConfigurationList section */
		3B9BC6032C2880FC00091B92 /* Build configuration list for PBXProject "Counter" */ = {
			isa = XCConfigurationList;
			buildConfigurations = (
				3B9BC6302C2880FE00091B92 /* Debug */,
				3B9BC6312C2880FE00091B92 /* Release */,
			);
			defaultConfigurationIsVisible = 0;
			defaultConfigurationName = Release;
		};
		3B9BC6322C2880FE00091B92 /* Build configuration list for PBXNativeTarget "Counter" */ = {
			isa = XCConfigurationList;
			buildConfigurations = (
				3B9BC6332C2880FE00091B92 /* Debug */,
				3B9BC6342C2880FE00091B92 /* Release */,
			);
			defaultConfigurationIsVisible = 0;
			defaultConfigurationName = Release;
		};
		3B9BC6352C2880FE00091B92 /* Build configuration list for PBXNativeTarget "CounterTests" */ = {
			isa = XCConfigurationList;
			buildConfigurations = (
				3B9BC6362C2880FE00091B92 /* Debug */,
				3B9BC6372C2880FE00091B92 /* Release */,
			);
			defaultConfigurationIsVisible = 0;
			defaultConfigurationName = Release;
		};
		3B9BC6382C2880FE00091B92 /* Build configuration list for PBXNativeTarget "CounterUITests" */ = {
			isa = XCConfigurationList;
			buildConfigurations = (
				3B9BC6392C2880FE00091B92 /* Debug */,
				3B9BC63A2C2880FE00091B92 /* Release */,
			);
			defaultConfigurationIsVisible = 0;
			defaultConfigurationName = Release;
		};
/* End XCConfigurationList section */
	};
	rootObject = 3B9BC6002C2880FC00091B92 /* Project object */;
}
